
Microsoft Visual Studio Solution File, Format Version 12.00
# Visual Studio Version 17
VisualStudioVersion = 17.4.33122.133
MinimumVisualStudioVersion = 10.0.40219.1
Project("{FAE04EC0-301F-11D3-BF4B-00C04F79EFBC}") = "GraphsAlgorithms", "GraphsAlgorithms\GraphsAlgorithms.csproj", "{ACA6D35F-07BD-40AC-8054-C25479F4075B}"
EndProject
Global
	GlobalSection(SolutionConfigurationPlatforms) = preSolution
		Debug|Any CPU = Debug|Any CPU
		Release|Any CPU = Release|Any CPU
	EndGlobalSection
	GlobalSection(ProjectConfigurationPlatforms) = postSolution
		{ACA6D35F-07BD-40AC-8054-C25479F4075B}.Debug|Any CPU.ActiveCfg = Debug|Any CPU
		{ACA6D35F-07BD-40AC-8054-C25479F4075B}.Debug|Any CPU.Build.0 = Debug|Any CPU
		{ACA6D35F-07BD-40AC-8054-C25479F4075B}.Release|Any CPU.ActiveCfg = Release|Any CPU
		{ACA6D35F-07BD-40AC-8054-C25479F4075B}.Release|Any CPU.Build.0 = Release|Any CPU
	EndGlobalSection
	GlobalSection(SolutionProperties) = preSolution
		HideSolutionNode = FALSE
	EndGlobalSection
	GlobalSection(ExtensibilityGlobals) = postSolution
		SolutionGuid = {324AC321-B6F1-4C37-828B-7C7DD2D94AF4}
	EndGlobalSection
EndGlobal
